
Microsoft Visual Studio Solution File, Format Version 12.00
# Visual Studio 2013
VisualStudioVersion = 12.0.31101.0
MinimumVisualStudioVersion = 10.0.40219.1
Project("{8BC9CEB8-8B4A-11D0-8D11-00A0C91BC942}") = "test", "test.vcxproj", "{1BB709A4-BD46-482B-AA02-25E5CC67E614}"
	ProjectSection(ProjectDependencies) = postProject
		{4B1F9B42-D159-4B53-9109-6585C696BA83} = {4B1F9B42-D159-4B53-9109-6585C696BA83}
	EndProjectSection
EndProject
Project("{8BC9CEB8-8B4A-11D0-8D11-00A0C91BC942}") = "libbitmap", "libbitmap.vcxproj", "{4B1F9B42-D159-4B53-9109-6585C696BA83}"
EndProject
Global
	GlobalSection(SolutionConfigurationPlatforms) = preSolution
		Debug|Win32 = Debug|Win32
		Release|Win32 = Release|Win32
	EndGlobalSection
	GlobalSection(ProjectConfigurationPlatforms) = postSolution
		{4B1F9B42-D159-4B53-9109-6585C696BA83}.Debug|Win32.ActiveCfg = Debug|Win32
		{4B1F9B42-D159-4B53-9109-6585C696BA83}.Debug|Win32.Build.0 = Debug|Win32
		{4B1F9B42-D159-4B53-9109-6585C696BA83}.Release|Win32.ActiveCfg = Release|Win32
		{4B1F9B42-D159-4B53-9109-6585C696BA83}.Release|Win32.Build.0 = Release|Win32
		{1BB709A4-BD46-482B-AA02-25E5CC67E614}.Debug|Win32.ActiveCfg = Debug|Win32
		{1BB709A4-BD46-482B-AA02-25E5CC67E614}.Debug|Win32.Build.0 = Debug|Win32
		{1BB709A4-BD46-482B-AA02-25E5CC67E614}.Release|Win32.ActiveCfg = Release|Win32
		{1BB709A4-BD46-482B-AA02-25E5CC67E614}.Release|Win32.Build.0 = Release|Win32
	EndGlobalSection
	GlobalSection(SolutionProperties) = preSolution
		HideSolutionNode = FALSE
	EndGlobalSection
EndGlobal
